
Microsoft Visual Studio Solution File, Format Version 12.00
# Visual Studio Version 17
VisualStudioVersion = 17.4.33122.133
MinimumVisualStudioVersion = 10.0.40219.1
Project("{9A19103F-16F7-4668-BE54-9A1E7A4F7556}") = "QBIT_SORT", "QBIT_SORT\QBIT_SORT.csproj", "{6DCCCEC9-02E6-4A34-BFF2-6B8C377B9022}"
EndProject
Project("{9A19103F-16F7-4668-BE54-9A1E7A4F7556}") = "Следующий после минимального", "Следующий после минимального\Следующий после минимального.csproj", "{A6970774-A5A9-45BF-B371-1A130C6DDC21}"
EndProject
Project("{9A19103F-16F7-4668-BE54-9A1E7A4F7556}") = "Сортировка - чётные и нечётные", "Сортировка - чётные и нечётные\Сортировка - чётные и нечётные.csproj", "{55D84AB4-4378-47AA-9364-4C5C240E5351}"
EndProject
Project("{9A19103F-16F7-4668-BE54-9A1E7A4F7556}") = "Сортировка модулей", "Сортировка модулей\Сортировка модулей.csproj", "{ECB4DAF7-AA56-4B66-A5F3-BA9340A55E69}"
EndProject
Project("{9A19103F-16F7-4668-BE54-9A1E7A4F7556}") = "Объединение последовательностей", "Объединение последовательностей\Объединение последовательностей.csproj", "{4BA8A197-CE03-4ECD-9B19-B1524EC09F57}"
EndProject
Project("{9A19103F-16F7-4668-BE54-9A1E7A4F7556}") = "Результаты олимпиады", "Результаты олимпиады\Результаты олимпиады.csproj", "{25E23DBB-E411-4B3D-BC67-694FCF938395}"
EndProject
Project("{9A19103F-16F7-4668-BE54-9A1E7A4F7556}") = "Сортировка", "Сортировка\Сортировка.csproj", "{C5287C14-A8AA-44D3-A716-0D618F65F12D}"
EndProject
Project("{9A19103F-16F7-4668-BE54-9A1E7A4F7556}") = "Библиотечный метод", "Библиотечный метод\Библиотечный метод.csproj", "{6F33C258-7D87-4246-9FE1-42EC76F8C361}"
EndProject
Project("{9A19103F-16F7-4668-BE54-9A1E7A4F7556}") = "Метод минимума", "Метод минимума\Метод минимума.csproj", "{381B3D1D-3C42-4D86-985B-AAE9C17326CC}"
EndProject
Project("{FAE04EC0-301F-11D3-BF4B-00C04F79EFBC}") = "Библиотечный метод1", "Библиотечный метод1\Библиотечный метод1.csproj", "{0D451818-2EAA-4DAC-B9BB-65D98A6DDA9F}"
EndProject
Project("{FAE04EC0-301F-11D3-BF4B-00C04F79EFBC}") = "Сортировка пузырьком", "Сортировка пузырьком\Сортировка пузырьком.csproj", "{DB625A0E-8F32-4F21-B0C4-5B489B23A611}"
EndProject
Project("{FAE04EC0-301F-11D3-BF4B-00C04F79EFBC}") = "Вставка элемента", "Вставка элемента\Вставка элемента.csproj", "{F968D76C-5633-4447-BCA3-B0D014C65252}"
EndProject
Project("{FAE04EC0-301F-11D3-BF4B-00C04F79EFBC}") = "Удаление элемента", "Удаление элемента\Удаление элемента.csproj", "{371729DE-4E22-4798-B33C-BB9E2C334788}"
EndProject
Project("{FAE04EC0-301F-11D3-BF4B-00C04F79EFBC}") = "Второй по величине элемент", "Второй по величине элемент\Второй по величине элемент.csproj", "{AFE448DD-AEF9-4869-910A-F4D47167DE2B}"
EndProject
Project("{FAE04EC0-301F-11D3-BF4B-00C04F79EFBC}") = "Сортировка - отрицательные и положительные", "Сортировка - отрицательные и положительные\Сортировка - отрицательные и положительные.csproj", "{AA6DBFA7-EA59-4392-8AE6-A3BD7C628C96}"
EndProject
Global
	GlobalSection(SolutionConfigurationPlatforms) = preSolution
		Debug|Any CPU = Debug|Any CPU
		Release|Any CPU = Release|Any CPU
	EndGlobalSection
	GlobalSection(ProjectConfigurationPlatforms) = postSolution
		{6DCCCEC9-02E6-4A34-BFF2-6B8C377B9022}.Debug|Any CPU.ActiveCfg = Debug|Any CPU
		{6DCCCEC9-02E6-4A34-BFF2-6B8C377B9022}.Debug|Any CPU.Build.0 = Debug|Any CPU
		{6DCCCEC9-02E6-4A34-BFF2-6B8C377B9022}.Release|Any CPU.ActiveCfg = Release|Any CPU
		{6DCCCEC9-02E6-4A34-BFF2-6B8C377B9022}.Release|Any CPU.Build.0 = Release|Any CPU
		{A6970774-A5A9-45BF-B371-1A130C6DDC21}.Debug|Any CPU.ActiveCfg = Debug|Any CPU
		{A6970774-A5A9-45BF-B371-1A130C6DDC21}.Debug|Any CPU.Build.0 = Debug|Any CPU
		{A6970774-A5A9-45BF-B371-1A130C6DDC21}.Release|Any CPU.ActiveCfg = Release|Any CPU
		{A6970774-A5A9-45BF-B371-1A130C6DDC21}.Release|Any CPU.Build.0 = Release|Any CPU
		{55D84AB4-4378-47AA-9364-4C5C240E5351}.Debug|Any CPU.ActiveCfg = Debug|Any CPU
		{55D84AB4-4378-47AA-9364-4C5C240E5351}.Debug|Any CPU.Build.0 = Debug|Any CPU
		{55D84AB4-4378-47AA-9364-4C5C240E5351}.Release|Any CPU.ActiveCfg = Release|Any CPU
		{55D84AB4-4378-47AA-9364-4C5C240E5351}.Release|Any CPU.Build.0 = Release|Any CPU
		{ECB4DAF7-AA56-4B66-A5F3-BA9340A55E69}.Debug|Any CPU.ActiveCfg = Debug|Any CPU
		{ECB4DAF7-AA56-4B66-A5F3-BA9340A55E69}.Debug|Any CPU.Build.0 = Debug|Any CPU
		{ECB4DAF7-AA56-4B66-A5F3-BA9340A55E69}.Release|Any CPU.ActiveCfg = Release|Any CPU
		{ECB4DAF7-AA56-4B66-A5F3-BA9340A55E69}.Release|Any CPU.Build.0 = Release|Any CPU
		{4BA8A197-CE03-4ECD-9B19-B1524EC09F57}.Debug|Any CPU.ActiveCfg = Debug|Any CPU
		{4BA8A197-CE03-4ECD-9B19-B1524EC09F57}.Debug|Any CPU.Build.0 = Debug|Any CPU
		{4BA8A197-CE03-4ECD-9B19-B1524EC09F57}.Release|Any CPU.ActiveCfg = Release|Any CPU
		{4BA8A197-CE03-4ECD-9B19-B1524EC09F57}.Release|Any CPU.Build.0 = Release|Any CPU
		{25E23DBB-E411-4B3D-BC67-694FCF938395}.Debug|Any CPU.ActiveCfg = Debug|Any CPU
		{25E23DBB-E411-4B3D-BC67-694FCF938395}.Debug|Any CPU.Build.0 = Debug|Any CPU
		{25E23DBB-E411-4B3D-BC67-694FCF938395}.Release|Any CPU.ActiveCfg = Release|Any CPU
		{25E23DBB-E411-4B3D-BC67-694FCF938395}.Release|Any CPU.Build.0 = Release|Any CPU
		{C5287C14-A8AA-44D3-A716-0D618F65F12D}.Debug|Any CPU.ActiveCfg = Debug|Any CPU
		{C5287C14-A8AA-44D3-A716-0D618F65F12D}.Debug|Any CPU.Build.0 = Debug|Any CPU
		{C5287C14-A8AA-44D3-A716-0D618F65F12D}.Release|Any CPU.ActiveCfg = Release|Any CPU
		{C5287C14-A8AA-44D3-A716-0D618F65F12D}.Release|Any CPU.Build.0 = Release|Any CPU
		{6F33C258-7D87-4246-9FE1-42EC76F8C361}.Debug|Any CPU.ActiveCfg = Debug|Any CPU
		{6F33C258-7D87-4246-9FE1-42EC76F8C361}.Debug|Any CPU.Build.0 = Debug|Any CPU
		{6F33C258-7D87-4246-9FE1-42EC76F8C361}.Release|Any CPU.ActiveCfg = Release|Any CPU
		{6F33C258-7D87-4246-9FE1-42EC76F8C361}.Release|Any CPU.Build.0 = Release|Any CPU
		{381B3D1D-3C42-4D86-985B-AAE9C17326CC}.Debug|Any CPU.ActiveCfg = Debug|Any CPU
		{381B3D1D-3C42-4D86-985B-AAE9C17326CC}.Debug|Any CPU.Build.0 = Debug|Any CPU
		{381B3D1D-3C42-4D86-985B-AAE9C17326CC}.Release|Any CPU.ActiveCfg = Release|Any CPU
		{381B3D1D-3C42-4D86-985B-AAE9C17326CC}.Release|Any CPU.Build.0 = Release|Any CPU
		{0D451818-2EAA-4DAC-B9BB-65D98A6DDA9F}.Debug|Any CPU.ActiveCfg = Debug|Any CPU
		{0D451818-2EAA-4DAC-B9BB-65D98A6DDA9F}.Debug|Any CPU.Build.0 = Debug|Any CPU
		{0D451818-2EAA-4DAC-B9BB-65D98A6DDA9F}.Release|Any CPU.ActiveCfg = Release|Any CPU
		{0D451818-2EAA-4DAC-B9BB-65D98A6DDA9F}.Release|Any CPU.Build.0 = Release|Any CPU
		{DB625A0E-8F32-4F21-B0C4-5B489B23A611}.Debug|Any CPU.ActiveCfg = Debug|Any CPU
		{DB625A0E-8F32-4F21-B0C4-5B489B23A611}.Debug|Any CPU.Build.0 = Debug|Any CPU
		{DB625A0E-8F32-4F21-B0C4-5B489B23A611}.Release|Any CPU.ActiveCfg = Release|Any CPU
		{DB625A0E-8F32-4F21-B0C4-5B489B23A611}.Release|Any CPU.Build.0 = Release|Any CPU
		{F968D76C-5633-4447-BCA3-B0D014C65252}.Debug|Any CPU.ActiveCfg = Debug|Any CPU
		{F968D76C-5633-4447-BCA3-B0D014C65252}.Debug|Any CPU.Build.0 = Debug|Any CPU
		{F968D76C-5633-4447-BCA3-B0D014C65252}.Release|Any CPU.ActiveCfg = Release|Any CPU
		{F968D76C-5633-4447-BCA3-B0D014C65252}.Release|Any CPU.Build.0 = Release|Any CPU
		{371729DE-4E22-4798-B33C-BB9E2C334788}.Debug|Any CPU.ActiveCfg = Debug|Any CPU
		{371729DE-4E22-4798-B33C-BB9E2C334788}.Debug|Any CPU.Build.0 = Debug|Any CPU
		{371729DE-4E22-4798-B33C-BB9E2C334788}.Release|Any CPU.ActiveCfg = Release|Any CPU
		{371729DE-4E22-4798-B33C-BB9E2C334788}.Release|Any CPU.Build.0 = Release|Any CPU
		{AFE448DD-AEF9-4869-910A-F4D47167DE2B}.Debug|Any CPU.ActiveCfg = Debug|Any CPU
		{AFE448DD-AEF9-4869-910A-F4D47167DE2B}.Debug|Any CPU.Build.0 = Debug|Any CPU
		{AFE448DD-AEF9-4869-910A-F4D47167DE2B}.Release|Any CPU.ActiveCfg = Release|Any CPU
		{AFE448DD-AEF9-4869-910A-F4D47167DE2B}.Release|Any CPU.Build.0 = Release|Any CPU
		{AA6DBFA7-EA59-4392-8AE6-A3BD7C628C96}.Debug|Any CPU.ActiveCfg = Debug|Any CPU
		{AA6DBFA7-EA59-4392-8AE6-A3BD7C628C96}.Debug|Any CPU.Build.0 = Debug|Any CPU
		{AA6DBFA7-EA59-4392-8AE6-A3BD7C628C96}.Release|Any CPU.ActiveCfg = Release|Any CPU
		{AA6DBFA7-EA59-4392-8AE6-A3BD7C628C96}.Release|Any CPU.Build.0 = Release|Any CPU
	EndGlobalSection
	GlobalSection(SolutionProperties) = preSolution
		HideSolutionNode = FALSE
	EndGlobalSection
	GlobalSection(ExtensibilityGlobals) = postSolution
		SolutionGuid = {0F85107B-C8AE-4220-A3CA-B36B03548F0B}
	EndGlobalSection
EndGlobal
